// !$*UTF8*$!
{
	archiveVersion = 1;
	classes = {
	};
	objectVersion = 46;
	objects = {

/* Begin PBXBuildFile section */
		7091597D16ACC0B2001B1BF8 /* LMAssetThumbnailCell.m in Sources */ = {isa = PBXBuildFile; fileRef = 7091597C16ACC0B2001B1BF8 /* LMAssetThumbnailCell.m */; };
		7091598116ACCB54001B1BF8 /* QuartzCore.framework in Frameworks */ = {isa = PBXBuildFile; fileRef = 7091597F16ACCB49001B1BF8 /* QuartzCore.framework */; };
		70A549CD16AC9299009DC711 /* UIKit.framework in Frameworks */ = {isa = PBXBuildFile; fileRef = 70A549CC16AC9299009DC711 /* UIKit.framework */; };
		70A549CF16AC9299009DC711 /* Foundation.framework in Frameworks */ = {isa = PBXBuildFile; fileRef = 70A549CE16AC9299009DC711 /* Foundation.framework */; };
		70A549D116AC9299009DC711 /* CoreGraphics.framework in Frameworks */ = {isa = PBXBuildFile; fileRef = 70A549D016AC9299009DC711 /* CoreGraphics.framework */; };
		70A549D716AC9299009DC711 /* InfoPlist.strings in Resources */ = {isa = PBXBuildFile; fileRef = 70A549D516AC9299009DC711 /* InfoPlist.strings */; };
		70A549D916AC9299009DC711 /* main.m in Sources */ = {isa = PBXBuildFile; fileRef = 70A549D816AC9299009DC711 /* main.m */; };
		70A549DD16AC9299009DC711 /* LMAppDelegate.m in Sources */ = {isa = PBXBuildFile; fileRef = 70A549DC16AC9299009DC711 /* LMAppDelegate.m */; };
		70A549DF16AC9299009DC711 /* Default.png in Resources */ = {isa = PBXBuildFile; fileRef = 70A549DE16AC9299009DC711 /* Default.png */; };
		70A549E116AC9299009DC711 /* Default@2x.png in Resources */ = {isa = PBXBuildFile; fileRef = 70A549E016AC9299009DC711 /* Default@2x.png */; };
		70A549E316AC9299009DC711 /* Default-568h@2x.png in Resources */ = {isa = PBXBuildFile; fileRef = 70A549E216AC9299009DC711 /* Default-568h@2x.png */; };
		70A549E816AC9299009DC711 /* first.png in Resources */ = {isa = PBXBuildFile; fileRef = 70A549E716AC9299009DC711 /* first.png */; };
		70A549EA16AC929A009DC711 /* first@2x.png in Resources */ = {isa = PBXBuildFile; fileRef = 70A549E916AC9299009DC711 /* first@2x.png */; };
		70A549EF16AC929A009DC711 /* second.png in Resources */ = {isa = PBXBuildFile; fileRef = 70A549EE16AC929A009DC711 /* second.png */; };
		70A549F116AC929A009DC711 /* second@2x.png in Resources */ = {isa = PBXBuildFile; fileRef = 70A549F016AC929A009DC711 /* second@2x.png */; };
		70A54A0416AC9B45009DC711 /* LMLibraryBrowserViewController.m in Sources */ = {isa = PBXBuildFile; fileRef = 70A54A0316AC9B45009DC711 /* LMLibraryBrowserViewController.m */; };
		70A54A0716AC9FD4009DC711 /* LMLibraryBrowserNavigationController.m in Sources */ = {isa = PBXBuildFile; fileRef = 70A54A0616AC9FD4009DC711 /* LMLibraryBrowserNavigationController.m */; };
		70D02F3F16ACAEBE00D0E35F /* AssetsLibrary.framework in Frameworks */ = {isa = PBXBuildFile; fileRef = 70D02F3C16ACAEB600D0E35F /* AssetsLibrary.framework */; };
		70D02F4616ACB89500D0E35F /* LMAssetsGroupBrowserViewController.m in Sources */ = {isa = PBXBuildFile; fileRef = 70D02F4516ACB89500D0E35F /* LMAssetsGroupBrowserViewController.m */; };
		70D10D3A16B69A370062617E /* DordogneRiver.jpg in Resources */ = {isa = PBXBuildFile; fileRef = 70D10D3916B69A370062617E /* DordogneRiver.jpg */; };
		70D10D4016B69CB40062617E /* DordogneRiver.png in Resources */ = {isa = PBXBuildFile; fileRef = 70D10D3F16B69CB40062617E /* DordogneRiver.png */; };
		70D10D4216B69CB80062617E /* DordogneRiver@2x.png in Resources */ = {isa = PBXBuildFile; fileRef = 70D10D4116B69CB80062617E /* DordogneRiver@2x.png */; };
		70D9DE7E16AE69EC00F8DD69 /* LMScrollingTabBar.m in Sources */ = {isa = PBXBuildFile; fileRef = 70D9DE7D16AE69EC00F8DD69 /* LMScrollingTabBar.m */; };
		70D9DE8516AE8D4100F8DD69 /* UIColor+LMStyling.m in Sources */ = {isa = PBXBuildFile; fileRef = 70D9DE8416AE8D4100F8DD69 /* UIColor+LMStyling.m */; };
		70E05E6C16AD025A00F1EC4E /* LMLocalLibraryBrowserViewController.m in Sources */ = {isa = PBXBuildFile; fileRef = 70E05E6B16AD025A00F1EC4E /* LMLocalLibraryBrowserViewController.m */; };
		70E05E6F16AD027000F1EC4E /* LMStreamLibraryBrowserViewController.m in Sources */ = {isa = PBXBuildFile; fileRef = 70E05E6E16AD027000F1EC4E /* LMStreamLibraryBrowserViewController.m */; };
		70E05E9716AD2B4300F1EC4E /* PSTCollectionView.m in Sources */ = {isa = PBXBuildFile; fileRef = 70E05E7F16AD2B4300F1EC4E /* PSTCollectionView.m */; };
		70E05E9816AD2B4300F1EC4E /* PSTCollectionViewCell.m in Sources */ = {isa = PBXBuildFile; fileRef = 70E05E8116AD2B4300F1EC4E /* PSTCollectionViewCell.m */; };
		70E05E9916AD2B4300F1EC4E /* PSTCollectionViewController.m in Sources */ = {isa = PBXBuildFile; fileRef = 70E05E8416AD2B4300F1EC4E /* PSTCollectionViewController.m */; };
		70E05E9A16AD2B4300F1EC4E /* PSTCollectionViewData.m in Sources */ = {isa = PBXBuildFile; fileRef = 70E05E8616AD2B4300F1EC4E /* PSTCollectionViewData.m */; };
		70E05E9B16AD2B4300F1EC4E /* PSTCollectionViewFlowLayout.m in Sources */ = {isa = PBXBuildFile; fileRef = 70E05E8816AD2B4300F1EC4E /* PSTCollectionViewFlowLayout.m */; };
		70E05E9C16AD2B4300F1EC4E /* PSTCollectionViewItemKey.m in Sources */ = {isa = PBXBuildFile; fileRef = 70E05E8A16AD2B4300F1EC4E /* PSTCollectionViewItemKey.m */; };
		70E05E9D16AD2B4300F1EC4E /* PSTCollectionViewLayout.m in Sources */ = {isa = PBXBuildFile; fileRef = 70E05E8C16AD2B4300F1EC4E /* PSTCollectionViewLayout.m */; };
		70E05E9E16AD2B4300F1EC4E /* PSTCollectionViewUpdateItem.m in Sources */ = {isa = PBXBuildFile; fileRef = 70E05E8E16AD2B4300F1EC4E /* PSTCollectionViewUpdateItem.m */; };
		70E05E9F16AD2B4300F1EC4E /* PSTGridLayoutInfo.m in Sources */ = {isa = PBXBuildFile; fileRef = 70E05E9016AD2B4300F1EC4E /* PSTGridLayoutInfo.m */; };
		70E05EA016AD2B4300F1EC4E /* PSTGridLayoutItem.m in Sources */ = {isa = PBXBuildFile; fileRef = 70E05E9216AD2B4300F1EC4E /* PSTGridLayoutItem.m */; };
		70E05EA116AD2B4300F1EC4E /* PSTGridLayoutRow.m in Sources */ = {isa = PBXBuildFile; fileRef = 70E05E9416AD2B4300F1EC4E /* PSTGridLayoutRow.m */; };
		70E05EA216AD2B4300F1EC4E /* PSTGridLayoutSection.m in Sources */ = {isa = PBXBuildFile; fileRef = 70E05E9616AD2B4300F1EC4E /* PSTGridLayoutSection.m */; };
		70E05EC416ADE76600F1EC4E /* LMAppViewController.m in Sources */ = {isa = PBXBuildFile; fileRef = 70E05EC316ADE76500F1EC4E /* LMAppViewController.m */; };
		70E05EC716AE029C00F1EC4E /* LMEdgePanGestureRecognizer.m in Sources */ = {isa = PBXBuildFile; fileRef = 70E05EC616AE029C00F1EC4E /* LMEdgePanGestureRecognizer.m */; };
/* End PBXBuildFile section */

/* Begin PBXFileReference section */
		7091597B16ACC0B2001B1BF8 /* LMAssetThumbnailCell.h */ = {isa = PBXFileReference; fileEncoding = 4; lastKnownFileType = sourcecode.c.h; path = LMAssetThumbnailCell.h; sourceTree = "<group>"; };
		7091597C16ACC0B2001B1BF8 /* LMAssetThumbnailCell.m */ = {isa = PBXFileReference; fileEncoding = 4; lastKnownFileType = sourcecode.c.objc; path = LMAssetThumbnailCell.m; sourceTree = "<group>"; };
		7091597F16ACCB49001B1BF8 /* QuartzCore.framework */ = {isa = PBXFileReference; lastKnownFileType = wrapper.framework; name = QuartzCore.framework; path = System/Library/Frameworks/QuartzCore.framework; sourceTree = SDKROOT; };
		70A549C816AC9299009DC711 /* Photos.app */ = {isa = PBXFileReference; explicitFileType = wrapper.application; includeInIndex = 0; path = Photos.app; sourceTree = BUILT_PRODUCTS_DIR; };
		70A549CC16AC9299009DC711 /* UIKit.framework */ = {isa = PBXFileReference; lastKnownFileType = wrapper.framework; name = UIKit.framework; path = System/Library/Frameworks/UIKit.framework; sourceTree = SDKROOT; };
		70A549CE16AC9299009DC711 /* Foundation.framework */ = {isa = PBXFileReference; lastKnownFileType = wrapper.framework; name = Foundation.framework; path = System/Library/Frameworks/Foundation.framework; sourceTree = SDKROOT; };
		70A549D016AC9299009DC711 /* CoreGraphics.framework */ = {isa = PBXFileReference; lastKnownFileType = wrapper.framework; name = CoreGraphics.framework; path = System/Library/Frameworks/CoreGraphics.framework; sourceTree = SDKROOT; };
		70A549D416AC9299009DC711 /* Photos-Info.plist */ = {isa = PBXFileReference; lastKnownFileType = text.plist.xml; path = "Photos-Info.plist"; sourceTree = "<group>"; };
		70A549D616AC9299009DC711 /* en */ = {isa = PBXFileReference; lastKnownFileType = text.plist.strings; name = en; path = en.lproj/InfoPlist.strings; sourceTree = "<group>"; };
		70A549D816AC9299009DC711 /* main.m */ = {isa = PBXFileReference; lastKnownFileType = sourcecode.c.objc; path = main.m; sourceTree = "<group>"; };
		70A549DA16AC9299009DC711 /* Photos-Prefix.pch */ = {isa = PBXFileReference; lastKnownFileType = sourcecode.c.h; path = "Photos-Prefix.pch"; sourceTree = "<group>"; };
		70A549DB16AC9299009DC711 /* LMAppDelegate.h */ = {isa = PBXFileReference; lastKnownFileType = sourcecode.c.h; path = LMAppDelegate.h; sourceTree = "<group>"; };
		70A549DC16AC9299009DC711 /* LMAppDelegate.m */ = {isa = PBXFileReference; lastKnownFileType = sourcecode.c.objc; path = LMAppDelegate.m; sourceTree = "<group>"; };
		70A549DE16AC9299009DC711 /* Default.png */ = {isa = PBXFileReference; lastKnownFileType = image.png; path = Default.png; sourceTree = "<group>"; };
		70A549E016AC9299009DC711 /* Default@2x.png */ = {isa = PBXFileReference; lastKnownFileType = image.png; path = "Default@2x.png"; sourceTree = "<group>"; };
		70A549E216AC9299009DC711 /* Default-568h@2x.png */ = {isa = PBXFileReference; lastKnownFileType = image.png; path = "Default-568h@2x.png"; sourceTree = "<group>"; };
		70A549E716AC9299009DC711 /* first.png */ = {isa = PBXFileReference; lastKnownFileType = image.png; path = first.png; sourceTree = "<group>"; };
		70A549E916AC9299009DC711 /* first@2x.png */ = {isa = PBXFileReference; lastKnownFileType = image.png; path = "first@2x.png"; sourceTree = "<group>"; };
		70A549EE16AC929A009DC711 /* second.png */ = {isa = PBXFileReference; lastKnownFileType = image.png; path = second.png; sourceTree = "<group>"; };
		70A549F016AC929A009DC711 /* second@2x.png */ = {isa = PBXFileReference; lastKnownFileType = image.png; path = "second@2x.png"; sourceTree = "<group>"; };
		70A54A0216AC9B45009DC711 /* LMLibraryBrowserViewController.h */ = {isa = PBXFileReference; fileEncoding = 4; lastKnownFileType = sourcecode.c.h; path = LMLibraryBrowserViewController.h; sourceTree = "<group>"; };
		70A54A0316AC9B45009DC711 /* LMLibraryBrowserViewController.m */ = {isa = PBXFileReference; fileEncoding = 4; lastKnownFileType = sourcecode.c.objc; path = LMLibraryBrowserViewController.m; sourceTree = "<group>"; };
		70A54A0516AC9FD4009DC711 /* LMLibraryBrowserNavigationController.h */ = {isa = PBXFileReference; fileEncoding = 4; lastKnownFileType = sourcecode.c.h; path = LMLibraryBrowserNavigationController.h; sourceTree = "<group>"; };
		70A54A0616AC9FD4009DC711 /* LMLibraryBrowserNavigationController.m */ = {isa = PBXFileReference; fileEncoding = 4; lastKnownFileType = sourcecode.c.objc; path = LMLibraryBrowserNavigationController.m; sourceTree = "<group>"; };
		70D02F3C16ACAEB600D0E35F /* AssetsLibrary.framework */ = {isa = PBXFileReference; lastKnownFileType = wrapper.framework; name = AssetsLibrary.framework; path = System/Library/Frameworks/AssetsLibrary.framework; sourceTree = SDKROOT; };
		70D02F4416ACB89500D0E35F /* LMAssetsGroupBrowserViewController.h */ = {isa = PBXFileReference; fileEncoding = 4; lastKnownFileType = sourcecode.c.h; path = LMAssetsGroupBrowserViewController.h; sourceTree = "<group>"; };
		70D02F4516ACB89500D0E35F /* LMAssetsGroupBrowserViewController.m */ = {isa = PBXFileReference; fileEncoding = 4; lastKnownFileType = sourcecode.c.objc; path = LMAssetsGroupBrowserViewController.m; sourceTree = "<group>"; };
		70D10D3916B69A370062617E /* DordogneRiver.jpg */ = {isa = PBXFileReference; lastKnownFileType = image.jpeg; path = DordogneRiver.jpg; sourceTree = "<group>"; };
		70D10D3F16B69CB40062617E /* DordogneRiver.png */ = {isa = PBXFileReference; lastKnownFileType = image.png; name = DordogneRiver.png; path = ../DordogneRiver.png; sourceTree = "<group>"; };
		70D10D4116B69CB80062617E /* DordogneRiver@2x.png */ = {isa = PBXFileReference; lastKnownFileType = image.png; name = "DordogneRiver@2x.png"; path = "../DordogneRiver@2x.png"; sourceTree = "<group>"; };
		70D9DE7C16AE69EC00F8DD69 /* LMScrollingTabBar.h */ = {isa = PBXFileReference; fileEncoding = 4; lastKnownFileType = sourcecode.c.h; path = LMScrollingTabBar.h; sourceTree = "<group>"; };
		70D9DE7D16AE69EC00F8DD69 /* LMScrollingTabBar.m */ = {isa = PBXFileReference; fileEncoding = 4; lastKnownFileType = sourcecode.c.objc; path = LMScrollingTabBar.m; sourceTree = "<group>"; };
		70D9DE8316AE8D4100F8DD69 /* UIColor+LMStyling.h */ = {isa = PBXFileReference; fileEncoding = 4; lastKnownFileType = sourcecode.c.h; path = "UIColor+LMStyling.h"; sourceTree = "<group>"; };
		70D9DE8416AE8D4100F8DD69 /* UIColor+LMStyling.m */ = {isa = PBXFileReference; fileEncoding = 4; lastKnownFileType = sourcecode.c.objc; path = "UIColor+LMStyling.m"; sourceTree = "<group>"; };
		70E05E6A16AD025A00F1EC4E /* LMLocalLibraryBrowserViewController.h */ = {isa = PBXFileReference; fileEncoding = 4; lastKnownFileType = sourcecode.c.h; path = LMLocalLibraryBrowserViewController.h; sourceTree = "<group>"; };
		70E05E6B16AD025A00F1EC4E /* LMLocalLibraryBrowserViewController.m */ = {isa = PBXFileReference; fileEncoding = 4; lastKnownFileType = sourcecode.c.objc; path = LMLocalLibraryBrowserViewController.m; sourceTree = "<group>"; };
		70E05E6D16AD027000F1EC4E /* LMStreamLibraryBrowserViewController.h */ = {isa = PBXFileReference; fileEncoding = 4; lastKnownFileType = sourcecode.c.h; path = LMStreamLibraryBrowserViewController.h; sourceTree = "<group>"; };
		70E05E6E16AD027000F1EC4E /* LMStreamLibraryBrowserViewController.m */ = {isa = PBXFileReference; fileEncoding = 4; lastKnownFileType = sourcecode.c.objc; path = LMStreamLibraryBrowserViewController.m; sourceTree = "<group>"; };
		70E05E7E16AD2B4300F1EC4E /* PSTCollectionView.h */ = {isa = PBXFileReference; fileEncoding = 4; lastKnownFileType = sourcecode.c.h; name = PSTCollectionView.h; path = PSTCollectionView/PSTCollectionView/PSTCollectionView.h; sourceTree = SOURCE_ROOT; };
		70E05E7F16AD2B4300F1EC4E /* PSTCollectionView.m */ = {isa = PBXFileReference; fileEncoding = 4; lastKnownFileType = sourcecode.c.objc; name = PSTCollectionView.m; path = PSTCollectionView/PSTCollectionView/PSTCollectionView.m; sourceTree = SOURCE_ROOT; };
		70E05E8016AD2B4300F1EC4E /* PSTCollectionViewCell.h */ = {isa = PBXFileReference; fileEncoding = 4; lastKnownFileType = sourcecode.c.h; name = PSTCollectionViewCell.h; path = PSTCollectionView/PSTCollectionView/PSTCollectionViewCell.h; sourceTree = SOURCE_ROOT; };
		70E05E8116AD2B4300F1EC4E /* PSTCollectionViewCell.m */ = {isa = PBXFileReference; fileEncoding = 4; lastKnownFileType = sourcecode.c.objc; name = PSTCollectionViewCell.m; path = PSTCollectionView/PSTCollectionView/PSTCollectionViewCell.m; sourceTree = SOURCE_ROOT; };
		70E05E8216AD2B4300F1EC4E /* PSTCollectionViewCommon.h */ = {isa = PBXFileReference; fileEncoding = 4; lastKnownFileType = sourcecode.c.h; name = PSTCollectionViewCommon.h; path = PSTCollectionView/PSTCollectionView/PSTCollectionViewCommon.h; sourceTree = SOURCE_ROOT; };
		70E05E8316AD2B4300F1EC4E /* PSTCollectionViewController.h */ = {isa = PBXFileReference; fileEncoding = 4; lastKnownFileType = sourcecode.c.h; name = PSTCollectionViewController.h; path = PSTCollectionView/PSTCollectionView/PSTCollectionViewController.h; sourceTree = SOURCE_ROOT; };
		70E05E8416AD2B4300F1EC4E /* PSTCollectionViewController.m */ = {isa = PBXFileReference; fileEncoding = 4; lastKnownFileType = sourcecode.c.objc; name = PSTCollectionViewController.m; path = PSTCollectionView/PSTCollectionView/PSTCollectionViewController.m; sourceTree = SOURCE_ROOT; };
		70E05E8516AD2B4300F1EC4E /* PSTCollectionViewData.h */ = {isa = PBXFileReference; fileEncoding = 4; lastKnownFileType = sourcecode.c.h; name = PSTCollectionViewData.h; path = PSTCollectionView/PSTCollectionView/PSTCollectionViewData.h; sourceTree = SOURCE_ROOT; };
		70E05E8616AD2B4300F1EC4E /* PSTCollectionViewData.m */ = {isa = PBXFileReference; fileEncoding = 4; lastKnownFileType = sourcecode.c.objc; name = PSTCollectionViewData.m; path = PSTCollectionView/PSTCollectionView/PSTCollectionViewData.m; sourceTree = SOURCE_ROOT; };
		70E05E8716AD2B4300F1EC4E /* PSTCollectionViewFlowLayout.h */ = {isa = PBXFileReference; fileEncoding = 4; lastKnownFileType = sourcecode.c.h; name = PSTCollectionViewFlowLayout.h; path = PSTCollectionView/PSTCollectionView/PSTCollectionViewFlowLayout.h; sourceTree = SOURCE_ROOT; };
		70E05E8816AD2B4300F1EC4E /* PSTCollectionViewFlowLayout.m */ = {isa = PBXFileReference; fileEncoding = 4; lastKnownFileType = sourcecode.c.objc; name = PSTCollectionViewFlowLayout.m; path = PSTCollectionView/PSTCollectionView/PSTCollectionViewFlowLayout.m; sourceTree = SOURCE_ROOT; };
		70E05E8916AD2B4300F1EC4E /* PSTCollectionViewItemKey.h */ = {isa = PBXFileReference; fileEncoding = 4; lastKnownFileType = sourcecode.c.h; name = PSTCollectionViewItemKey.h; path = PSTCollectionView/PSTCollectionView/PSTCollectionViewItemKey.h; sourceTree = SOURCE_ROOT; };
		70E05E8A16AD2B4300F1EC4E /* PSTCollectionViewItemKey.m */ = {isa = PBXFileReference; fileEncoding = 4; lastKnownFileType = sourcecode.c.objc; name = PSTCollectionViewItemKey.m; path = PSTCollectionView/PSTCollectionView/PSTCollectionViewItemKey.m; sourceTree = SOURCE_ROOT; };
		70E05E8B16AD2B4300F1EC4E /* PSTCollectionViewLayout.h */ = {isa = PBXFileReference; fileEncoding = 4; lastKnownFileType = sourcecode.c.h; name = PSTCollectionViewLayout.h; path = PSTCollectionView/PSTCollectionView/PSTCollectionViewLayout.h; sourceTree = SOURCE_ROOT; };
		70E05E8C16AD2B4300F1EC4E /* PSTCollectionViewLayout.m */ = {isa = PBXFileReference; fileEncoding = 4; lastKnownFileType = sourcecode.c.objc; name = PSTCollectionViewLayout.m; path = PSTCollectionView/PSTCollectionView/PSTCollectionViewLayout.m; sourceTree = SOURCE_ROOT; };
		70E05E8D16AD2B4300F1EC4E /* PSTCollectionViewUpdateItem.h */ = {isa = PBXFileReference; fileEncoding = 4; lastKnownFileType = sourcecode.c.h; name = PSTCollectionViewUpdateItem.h; path = PSTCollectionView/PSTCollectionView/PSTCollectionViewUpdateItem.h; sourceTree = SOURCE_ROOT; };
		70E05E8E16AD2B4300F1EC4E /* PSTCollectionViewUpdateItem.m */ = {isa = PBXFileReference; fileEncoding = 4; lastKnownFileType = sourcecode.c.objc; name = PSTCollectionViewUpdateItem.m; path = PSTCollectionView/PSTCollectionView/PSTCollectionViewUpdateItem.m; sourceTree = SOURCE_ROOT; };
		70E05E8F16AD2B4300F1EC4E /* PSTGridLayoutInfo.h */ = {isa = PBXFileReference; fileEncoding = 4; lastKnownFileType = sourcecode.c.h; name = PSTGridLayoutInfo.h; path = PSTCollectionView/PSTCollectionView/PSTGridLayoutInfo.h; sourceTree = SOURCE_ROOT; };
		70E05E9016AD2B4300F1EC4E /* PSTGridLayoutInfo.m */ = {isa = PBXFileReference; fileEncoding = 4; lastKnownFileType = sourcecode.c.objc; name = PSTGridLayoutInfo.m; path = PSTCollectionView/PSTCollectionView/PSTGridLayoutInfo.m; sourceTree = SOURCE_ROOT; };
		70E05E9116AD2B4300F1EC4E /* PSTGridLayoutItem.h */ = {isa = PBXFileReference; fileEncoding = 4; lastKnownFileType = sourcecode.c.h; name = PSTGridLayoutItem.h; path = PSTCollectionView/PSTCollectionView/PSTGridLayoutItem.h; sourceTree = SOURCE_ROOT; };
		70E05E9216AD2B4300F1EC4E /* PSTGridLayoutItem.m */ = {isa = PBXFileReference; fileEncoding = 4; lastKnownFileType = sourcecode.c.objc; name = PSTGridLayoutItem.m; path = PSTCollectionView/PSTCollectionView/PSTGridLayoutItem.m; sourceTree = SOURCE_ROOT; };
		70E05E9316AD2B4300F1EC4E /* PSTGridLayoutRow.h */ = {isa = PBXFileReference; fileEncoding = 4; lastKnownFileType = sourcecode.c.h; name = PSTGridLayoutRow.h; path = PSTCollectionView/PSTCollectionView/PSTGridLayoutRow.h; sourceTree = SOURCE_ROOT; };
		70E05E9416AD2B4300F1EC4E /* PSTGridLayoutRow.m */ = {isa = PBXFileReference; fileEncoding = 4; lastKnownFileType = sourcecode.c.objc; name = PSTGridLayoutRow.m; path = PSTCollectionView/PSTCollectionView/PSTGridLayoutRow.m; sourceTree = SOURCE_ROOT; };
		70E05E9516AD2B4300F1EC4E /* PSTGridLayoutSection.h */ = {isa = PBXFileReference; fileEncoding = 4; lastKnownFileType = sourcecode.c.h; name = PSTGridLayoutSection.h; path = PSTCollectionView/PSTCollectionView/PSTGridLayoutSection.h; sourceTree = SOURCE_ROOT; };
		70E05E9616AD2B4300F1EC4E /* PSTGridLayoutSection.m */ = {isa = PBXFileReference; fileEncoding = 4; lastKnownFileType = sourcecode.c.objc; name = PSTGridLayoutSection.m; path = PSTCollectionView/PSTCollectionView/PSTGridLayoutSection.m; sourceTree = SOURCE_ROOT; };
		70E05EC216ADE76500F1EC4E /* LMAppViewController.h */ = {isa = PBXFileReference; fileEncoding = 4; lastKnownFileType = sourcecode.c.h; path = LMAppViewController.h; sourceTree = "<group>"; };
		70E05EC316ADE76500F1EC4E /* LMAppViewController.m */ = {isa = PBXFileReference; fileEncoding = 4; lastKnownFileType = sourcecode.c.objc; path = LMAppViewController.m; sourceTree = "<group>"; };
		70E05EC516AE029C00F1EC4E /* LMEdgePanGestureRecognizer.h */ = {isa = PBXFileReference; fileEncoding = 4; lastKnownFileType = sourcecode.c.h; name = LMEdgePanGestureRecognizer.h; path = EdgeGestures/LMEdgePanGestureRecognizer.h; sourceTree = SOURCE_ROOT; };
		70E05EC616AE029C00F1EC4E /* LMEdgePanGestureRecognizer.m */ = {isa = PBXFileReference; fileEncoding = 4; lastKnownFileType = sourcecode.c.objc; name = LMEdgePanGestureRecognizer.m; path = EdgeGestures/LMEdgePanGestureRecognizer.m; sourceTree = SOURCE_ROOT; };
/* End PBXFileReference section */

/* Begin PBXFrameworksBuildPhase section */
		70A549C516AC9299009DC711 /* Frameworks */ = {
			isa = PBXFrameworksBuildPhase;
			buildActionMask = 2147483647;
			files = (
				7091598116ACCB54001B1BF8 /* QuartzCore.framework in Frameworks */,
				70D02F3F16ACAEBE00D0E35F /* AssetsLibrary.framework in Frameworks */,
				70A549CD16AC9299009DC711 /* UIKit.framework in Frameworks */,
				70A549CF16AC9299009DC711 /* Foundation.framework in Frameworks */,
				70A549D116AC9299009DC711 /* CoreGraphics.framework in Frameworks */,
			);
			runOnlyForDeploymentPostprocessing = 0;
		};
/* End PBXFrameworksBuildPhase section */

/* Begin PBXGroup section */
		709159C516ACE2A9001B1BF8 /* Resources */ = {
			isa = PBXGroup;
			children = (
				70A549E716AC9299009DC711 /* first.png */,
				70A549E916AC9299009DC711 /* first@2x.png */,
				70A549EE16AC929A009DC711 /* second.png */,
				70A549F016AC929A009DC711 /* second@2x.png */,
				70A549DE16AC9299009DC711 /* Default.png */,
				70A549E016AC9299009DC711 /* Default@2x.png */,
				70A549E216AC9299009DC711 /* Default-568h@2x.png */,
				70D10D3F16B69CB40062617E /* DordogneRiver.png */,
				70D10D4116B69CB80062617E /* DordogneRiver@2x.png */,
				70D10D3916B69A370062617E /* DordogneRiver.jpg */,
			);
			name = Resources;
			sourceTree = "<group>";
		};
		70A549BD16AC9299009DC711 = {
			isa = PBXGroup;
			children = (
				70A549D216AC9299009DC711 /* Photos */,
				70A549CB16AC9299009DC711 /* Frameworks */,
				70A549C916AC9299009DC711 /* Products */,
			);
			sourceTree = "<group>";
		};
		70A549C916AC9299009DC711 /* Products */ = {
			isa = PBXGroup;
			children = (
				70A549C816AC9299009DC711 /* Photos.app */,
			);
			name = Products;
			sourceTree = "<group>";
		};
		70A549CB16AC9299009DC711 /* Frameworks */ = {
			isa = PBXGroup;
			children = (
				7091597F16ACCB49001B1BF8 /* QuartzCore.framework */,
				70D02F3C16ACAEB600D0E35F /* AssetsLibrary.framework */,
				70A549CC16AC9299009DC711 /* UIKit.framework */,
				70A549CE16AC9299009DC711 /* Foundation.framework */,
				70A549D016AC9299009DC711 /* CoreGraphics.framework */,
			);
			name = Frameworks;
			sourceTree = "<group>";
		};
		70A549D216AC9299009DC711 /* Photos */ = {
			isa = PBXGroup;
			children = (
				70A549DB16AC9299009DC711 /* LMAppDelegate.h */,
				70A549DC16AC9299009DC711 /* LMAppDelegate.m */,
				70E05EC216ADE76500F1EC4E /* LMAppViewController.h */,
				70E05EC316ADE76500F1EC4E /* LMAppViewController.m */,
				70D9DE7C16AE69EC00F8DD69 /* LMScrollingTabBar.h */,
				70D9DE7D16AE69EC00F8DD69 /* LMScrollingTabBar.m */,
				70D9DE8316AE8D4100F8DD69 /* UIColor+LMStyling.h */,
				70D9DE8416AE8D4100F8DD69 /* UIColor+LMStyling.m */,
				70E05E7016AD027500F1EC4E /* Library browser */,
				70E05EC116ADE72400F1EC4E /* Asset browser */,
				70D10D3616B6701E0062617E /* Edge Gestures */,
				70E05E7D16AD2B2A00F1EC4E /* PSTCollectionView */,
				709159C516ACE2A9001B1BF8 /* Resources */,
				70A549D316AC9299009DC711 /* Supporting Files */,
			);
			path = Photos;
			sourceTree = "<group>";
		};
		70A549D316AC9299009DC711 /* Supporting Files */ = {
			isa = PBXGroup;
			children = (
				70A549D416AC9299009DC711 /* Photos-Info.plist */,
				70A549D516AC9299009DC711 /* InfoPlist.strings */,
				70A549D816AC9299009DC711 /* main.m */,
				70A549DA16AC9299009DC711 /* Photos-Prefix.pch */,
			);
			name = "Supporting Files";
			sourceTree = "<group>";
		};
		70D10D3616B6701E0062617E /* Edge Gestures */ = {
			isa = PBXGroup;
			children = (
				70E05EC516AE029C00F1EC4E /* LMEdgePanGestureRecognizer.h */,
				70E05EC616AE029C00F1EC4E /* LMEdgePanGestureRecognizer.m */,
			);
			name = "Edge Gestures";
			sourceTree = "<group>";
		};
		70E05E7016AD027500F1EC4E /* Library browser */ = {
			isa = PBXGroup;
			children = (
				70A54A0516AC9FD4009DC711 /* LMLibraryBrowserNavigationController.h */,
				70A54A0616AC9FD4009DC711 /* LMLibraryBrowserNavigationController.m */,
				70A54A0216AC9B45009DC711 /* LMLibraryBrowserViewController.h */,
				70A54A0316AC9B45009DC711 /* LMLibraryBrowserViewController.m */,
				70E05E6A16AD025A00F1EC4E /* LMLocalLibraryBrowserViewController.h */,
				70E05E6B16AD025A00F1EC4E /* LMLocalLibraryBrowserViewController.m */,
				70E05E6D16AD027000F1EC4E /* LMStreamLibraryBrowserViewController.h */,
				70E05E6E16AD027000F1EC4E /* LMStreamLibraryBrowserViewController.m */,
			);
			name = "Library browser";
			sourceTree = "<group>";
		};
		70E05E7D16AD2B2A00F1EC4E /* PSTCollectionView */ = {
			isa = PBXGroup;
			children = (
				70E05E7E16AD2B4300F1EC4E /* PSTCollectionView.h */,
				70E05E7F16AD2B4300F1EC4E /* PSTCollectionView.m */,
				70E05E8016AD2B4300F1EC4E /* PSTCollectionViewCell.h */,
				70E05E8116AD2B4300F1EC4E /* PSTCollectionViewCell.m */,
				70E05E8216AD2B4300F1EC4E /* PSTCollectionViewCommon.h */,
				70E05E8316AD2B4300F1EC4E /* PSTCollectionViewController.h */,
				70E05E8416AD2B4300F1EC4E /* PSTCollectionViewController.m */,
				70E05E8516AD2B4300F1EC4E /* PSTCollectionViewData.h */,
				70E05E8616AD2B4300F1EC4E /* PSTCollectionViewData.m */,
				70E05E8716AD2B4300F1EC4E /* PSTCollectionViewFlowLayout.h */,
				70E05E8816AD2B4300F1EC4E /* PSTCollectionViewFlowLayout.m */,
				70E05E8916AD2B4300F1EC4E /* PSTCollectionViewItemKey.h */,
				70E05E8A16AD2B4300F1EC4E /* PSTCollectionViewItemKey.m */,
				70E05E8B16AD2B4300F1EC4E /* PSTCollectionViewLayout.h */,
				70E05E8C16AD2B4300F1EC4E /* PSTCollectionViewLayout.m */,
				70E05E8D16AD2B4300F1EC4E /* PSTCollectionViewUpdateItem.h */,
				70E05E8E16AD2B4300F1EC4E /* PSTCollectionViewUpdateItem.m */,
				70E05E8F16AD2B4300F1EC4E /* PSTGridLayoutInfo.h */,
				70E05E9016AD2B4300F1EC4E /* PSTGridLayoutInfo.m */,
				70E05E9116AD2B4300F1EC4E /* PSTGridLayoutItem.h */,
				70E05E9216AD2B4300F1EC4E /* PSTGridLayoutItem.m */,
				70E05E9316AD2B4300F1EC4E /* PSTGridLayoutRow.h */,
				70E05E9416AD2B4300F1EC4E /* PSTGridLayoutRow.m */,
				70E05E9516AD2B4300F1EC4E /* PSTGridLayoutSection.h */,
				70E05E9616AD2B4300F1EC4E /* PSTGridLayoutSection.m */,
			);
			name = PSTCollectionView;
			sourceTree = "<group>";
		};
		70E05EC116ADE72400F1EC4E /* Asset browser */ = {
			isa = PBXGroup;
			children = (
				70D02F4416ACB89500D0E35F /* LMAssetsGroupBrowserViewController.h */,
				70D02F4516ACB89500D0E35F /* LMAssetsGroupBrowserViewController.m */,
				7091597B16ACC0B2001B1BF8 /* LMAssetThumbnailCell.h */,
				7091597C16ACC0B2001B1BF8 /* LMAssetThumbnailCell.m */,
			);
			name = "Asset browser";
			sourceTree = "<group>";
		};
/* End PBXGroup section */

/* Begin PBXNativeTarget section */
		70A549C716AC9299009DC711 /* Photos */ = {
			isa = PBXNativeTarget;
			buildConfigurationList = 70A549FA16AC929A009DC711 /* Build configuration list for PBXNativeTarget "Photos" */;
			buildPhases = (
				70A549C416AC9299009DC711 /* Sources */,
				70A549C516AC9299009DC711 /* Frameworks */,
				70A549C616AC9299009DC711 /* Resources */,
			);
			buildRules = (
			);
			dependencies = (
			);
			name = Photos;
			productName = Photos;
			productReference = 70A549C816AC9299009DC711 /* Photos.app */;
			productType = "com.apple.product-type.application";
		};
/* End PBXNativeTarget section */

/* Begin PBXProject section */
		70A549BF16AC9299009DC711 /* Project object */ = {
			isa = PBXProject;
			attributes = {
				CLASSPREFIX = LM;
				LastUpgradeCheck = 0450;
				ORGANIZATIONNAME = "Logan Moseley";
			};
			buildConfigurationList = 70A549C216AC9299009DC711 /* Build configuration list for PBXProject "Photos" */;
			compatibilityVersion = "Xcode 3.2";
			developmentRegion = English;
			hasScannedForEncodings = 0;
			knownRegions = (
				en,
			);
			mainGroup = 70A549BD16AC9299009DC711;
			productRefGroup = 70A549C916AC9299009DC711 /* Products */;
			projectDirPath = "";
			projectRoot = "";
			targets = (
				70A549C716AC9299009DC711 /* Photos */,
			);
		};
/* End PBXProject section */

/* Begin PBXResourcesBuildPhase section */
		70A549C616AC9299009DC711 /* Resources */ = {
			isa = PBXResourcesBuildPhase;
			buildActionMask = 2147483647;
			files = (
				70A549D716AC9299009DC711 /* InfoPlist.strings in Resources */,
				70A549DF16AC9299009DC711 /* Default.png in Resources */,
				70A549E116AC9299009DC711 /* Default@2x.png in Resources */,
				70A549E316AC9299009DC711 /* Default-568h@2x.png in Resources */,
				70A549E816AC9299009DC711 /* first.png in Resources */,
				70A549EA16AC929A009DC711 /* first@2x.png in Resources */,
				70A549EF16AC929A009DC711 /* second.png in Resources */,
				70A549F116AC929A009DC711 /* second@2x.png in Resources */,
				70D10D3A16B69A370062617E /* DordogneRiver.jpg in Resources */,
				70D10D4016B69CB40062617E /* DordogneRiver.png in Resources */,
				70D10D4216B69CB80062617E /* DordogneRiver@2x.png in Resources */,
			);
			runOnlyForDeploymentPostprocessing = 0;
		};
/* End PBXResourcesBuildPhase section */

/* Begin PBXSourcesBuildPhase section */
		70A549C416AC9299009DC711 /* Sources */ = {
			isa = PBXSourcesBuildPhase;
			buildActionMask = 2147483647;
			files = (
				70A549D916AC9299009DC711 /* main.m in Sources */,
				70A549DD16AC9299009DC711 /* LMAppDelegate.m in Sources */,
				70A54A0416AC9B45009DC711 /* LMLibraryBrowserViewController.m in Sources */,
				70A54A0716AC9FD4009DC711 /* LMLibraryBrowserNavigationController.m in Sources */,
				70D02F4616ACB89500D0E35F /* LMAssetsGroupBrowserViewController.m in Sources */,
				7091597D16ACC0B2001B1BF8 /* LMAssetThumbnailCell.m in Sources */,
				70E05E6C16AD025A00F1EC4E /* LMLocalLibraryBrowserViewController.m in Sources */,
				70E05E6F16AD027000F1EC4E /* LMStreamLibraryBrowserViewController.m in Sources */,
				70E05E9716AD2B4300F1EC4E /* PSTCollectionView.m in Sources */,
				70E05E9816AD2B4300F1EC4E /* PSTCollectionViewCell.m in Sources */,
				70E05E9916AD2B4300F1EC4E /* PSTCollectionViewController.m in Sources */,
				70E05E9A16AD2B4300F1EC4E /* PSTCollectionViewData.m in Sources */,
				70E05E9B16AD2B4300F1EC4E /* PSTCollectionViewFlowLayout.m in Sources */,
				70E05E9C16AD2B4300F1EC4E /* PSTCollectionViewItemKey.m in Sources */,
				70E05E9D16AD2B4300F1EC4E /* PSTCollectionViewLayout.m in Sources */,
				70E05E9E16AD2B4300F1EC4E /* PSTCollectionViewUpdateItem.m in Sources */,
				70E05E9F16AD2B4300F1EC4E /* PSTGridLayoutInfo.m in Sources */,
				70E05EA016AD2B4300F1EC4E /* PSTGridLayoutItem.m in Sources */,
				70E05EA116AD2B4300F1EC4E /* PSTGridLayoutRow.m in Sources */,
				70E05EA216AD2B4300F1EC4E /* PSTGridLayoutSection.m in Sources */,
				70E05EC416ADE76600F1EC4E /* LMAppViewController.m in Sources */,
				70E05EC716AE029C00F1EC4E /* LMEdgePanGestureRecognizer.m in Sources */,
				70D9DE7E16AE69EC00F8DD69 /* LMScrollingTabBar.m in Sources */,
				70D9DE8516AE8D4100F8DD69 /* UIColor+LMStyling.m in Sources */,
			);
			runOnlyForDeploymentPostprocessing = 0;
		};
/* End PBXSourcesBuildPhase section */

/* Begin PBXVariantGroup section */
		70A549D516AC9299009DC711 /* InfoPlist.strings */ = {
			isa = PBXVariantGroup;
			children = (
				70A549D616AC9299009DC711 /* en */,
			);
			name = InfoPlist.strings;
			sourceTree = "<group>";
		};
/* End PBXVariantGroup section */

/* Begin XCBuildConfiguration section */
		70A549F816AC929A009DC711 /* Debug */ = {
			isa = XCBuildConfiguration;
			buildSettings = {
				ALWAYS_SEARCH_USER_PATHS = NO;
				CLANG_CXX_LANGUAGE_STANDARD = "gnu++0x";
				CLANG_CXX_LIBRARY = "libc++";
				CLANG_ENABLE_OBJC_ARC = YES;
				CLANG_WARN_EMPTY_BODY = YES;
				CLANG_WARN__DUPLICATE_METHOD_MATCH = YES;
				"CODE_SIGN_IDENTITY[sdk=iphoneos*]" = "iPhone Developer";
				COPY_PHASE_STRIP = NO;
				GCC_C_LANGUAGE_STANDARD = gnu99;
				GCC_DYNAMIC_NO_PIC = NO;
				GCC_OPTIMIZATION_LEVEL = 0;
				GCC_PREPROCESSOR_DEFINITIONS = (
					"DEBUG=1",
					"$(inherited)",
				);
				GCC_SYMBOLS_PRIVATE_EXTERN = NO;
				GCC_WARN_ABOUT_RETURN_TYPE = YES;
				GCC_WARN_UNINITIALIZED_AUTOS = YES;
				GCC_WARN_UNUSED_VARIABLE = YES;
				IPHONEOS_DEPLOYMENT_TARGET = 6.0;
				ONLY_ACTIVE_ARCH = YES;
				SDKROOT = iphoneos;
			};
			name = Debug;
		};
		70A549F916AC929A009DC711 /* Release */ = {
			isa = XCBuildConfiguration;
			buildSettings = {
				ALWAYS_SEARCH_USER_PATHS = NO;
				CLANG_CXX_LANGUAGE_STANDARD = "gnu++0x";
				CLANG_CXX_LIBRARY = "libc++";
				CLANG_ENABLE_OBJC_ARC = YES;
				CLANG_WARN_EMPTY_BODY = YES;
				CLANG_WARN__DUPLICATE_METHOD_MATCH = YES;
				"CODE_SIGN_IDENTITY[sdk=iphoneos*]" = "iPhone Developer";
				COPY_PHASE_STRIP = YES;
				GCC_C_LANGUAGE_STANDARD = gnu99;
				GCC_WARN_ABOUT_RETURN_TYPE = YES;
				GCC_WARN_UNINITIALIZED_AUTOS = YES;
				GCC_WARN_UNUSED_VARIABLE = YES;
				IPHONEOS_DEPLOYMENT_TARGET = 6.0;
				OTHER_CFLAGS = "-DNS_BLOCK_ASSERTIONS=1";
				SDKROOT = iphoneos;
				VALIDATE_PRODUCT = YES;
			};
			name = Release;
		};
		70A549FB16AC929A009DC711 /* Debug */ = {
			isa = XCBuildConfiguration;
			buildSettings = {
				CODE_SIGN_IDENTITY = "iPhone Developer";
				GCC_PRECOMPILE_PREFIX_HEADER = YES;
				GCC_PREFIX_HEADER = "Photos/Photos-Prefix.pch";
				HEADER_SEARCH_PATHS = "${SOURCE_ROOT}/PSTCollectionView/PSTCollectionView";
				INFOPLIST_FILE = "Photos/Photos-Info.plist";
				IPHONEOS_DEPLOYMENT_TARGET = 5.1;
				PRODUCT_NAME = "$(TARGET_NAME)";
				PROVISIONING_PROFILE = "";
				WRAPPER_EXTENSION = app;
			};
			name = Debug;
		};
		70A549FC16AC929A009DC711 /* Release */ = {
			isa = XCBuildConfiguration;
			buildSettings = {
				CODE_SIGN_IDENTITY = "iPhone Developer";
				GCC_PRECOMPILE_PREFIX_HEADER = YES;
				GCC_PREFIX_HEADER = "Photos/Photos-Prefix.pch";
				HEADER_SEARCH_PATHS = "${SOURCE_ROOT}/PSTCollectionView/PSTCollectionView";
				INFOPLIST_FILE = "Photos/Photos-Info.plist";
				IPHONEOS_DEPLOYMENT_TARGET = 5.1;
				PRODUCT_NAME = "$(TARGET_NAME)";
				PROVISIONING_PROFILE = "";
				WRAPPER_EXTENSION = app;
			};
			name = Release;
		};
/* End XCBuildConfiguration section */

/* Begin XCConfigurationList section */
		70A549C216AC9299009DC711 /* Build configuration list for PBXProject "Photos" */ = {
			isa = XCConfigurationList;
			buildConfigurations = (
				70A549F816AC929A009DC711 /* Debug */,
				70A549F916AC929A009DC711 /* Release */,
			);
			defaultConfigurationIsVisible = 0;
			defaultConfigurationName = Release;
		};
		70A549FA16AC929A009DC711 /* Build configuration list for PBXNativeTarget "Photos" */ = {
			isa = XCConfigurationList;
			buildConfigurations = (
				70A549FB16AC929A009DC711 /* Debug */,
				70A549FC16AC929A009DC711 /* Release */,
			);
			defaultConfigurationIsVisible = 0;
			defaultConfigurationName = Release;
		};
/* End XCConfigurationList section */
	};
	rootObject = 70A549BF16AC9299009DC711 /* Project object */;
}
